<?xml version="1.0" encoding="utf-8"?>
<Project ToolsVersion="12.0" xmlns="http://schemas.microsoft.com/developer/msbuild/2003">
  <ItemGroup>
    <ClCompile Include="..\..\..\src\osgSim\BlinkSequence.cpp">
      <Filter>Source Files</Filter>
    </ClCompile>
    <ClCompile Include="..\..\..\src\osgSim\ColorRange.cpp">
      <Filter>Source Files</Filter>
    </ClCompile>
    <ClCompile Include="..\..\..\src\osgSim\DOFTransform.cpp">
      <Filter>Source Files</Filter>
    </ClCompile>
    <ClCompile Include="..\..\..\src\osgSim\ElevationSlice.cpp">
      <Filter>Source Files</Filter>
    </ClCompile>
    <ClCompile Include="..\..\..\src\osgSim\HeightAboveTerrain.cpp">
      <Filter>Source Files</Filter>
    </ClCompile>
    <ClCompile Include="..\..\..\src\osgSim\Impostor.cpp">
      <Filter>Source Files</Filter>
    </ClCompile>
    <ClCompile Include="..\..\..\src\osgSim\ImpostorSprite.cpp">
      <Filter>Source Files</Filter>
    </ClCompile>
    <ClCompile Include="..\..\..\src\osgSim\InsertImpostorsVisitor.cpp">
      <Filter>Source Files</Filter>
    </ClCompile>
    <ClCompile Include="..\..\..\src\osgSim\LightPoint.cpp">
      <Filter>Source Files</Filter>
    </ClCompile>
    <ClCompile Include="..\..\..\src\osgSim\LightPointDrawable.cpp">
      <Filter>Source Files</Filter>
    </ClCompile>
    <ClCompile Include="..\..\..\src\osgSim\LightPointNode.cpp">
      <Filter>Source Files</Filter>
    </ClCompile>
    <ClCompile Include="..\..\..\src\osgSim\LightPointSpriteDrawable.cpp">
      <Filter>Source Files</Filter>
    </ClCompile>
    <ClCompile Include="..\..\..\src\osgSim\LineOfSight.cpp">
      <Filter>Source Files</Filter>
    </ClCompile>
    <ClCompile Include="..\..\..\src\osgSim\MultiSwitch.cpp">
      <Filter>Source Files</Filter>
    </ClCompile>
    <ClCompile Include="..\..\..\src\osgSim\OverlayNode.cpp">
      <Filter>Source Files</Filter>
    </ClCompile>
    <ClCompile Include="..\..\..\src\osgSim\ScalarBar.cpp">
      <Filter>Source Files</Filter>
    </ClCompile>
    <ClCompile Include="..\..\..\src\osgSim\ScalarsToColors.cpp">
      <Filter>Source Files</Filter>
    </ClCompile>
    <ClCompile Include="..\..\..\src\osgSim\Sector.cpp">
      <Filter>Source Files</Filter>
    </ClCompile>
    <ClCompile Include="..\..\..\src\osgSim\ShapeAttribute.cpp">
      <Filter>Source Files</Filter>
    </ClCompile>
    <ClCompile Include="..\..\..\src\osgSim\SphereSegment.cpp">
      <Filter>Source Files</Filter>
    </ClCompile>
    <ClCompile Include="..\..\..\src\osgSim\Version.cpp">
      <Filter>Source Files</Filter>
    </ClCompile>
    <ClCompile Include="..\..\..\src\osgSim\VisibilityGroup.cpp">
      <Filter>Source Files</Filter>
    </ClCompile>
  </ItemGroup>
  <ItemGroup>
    <ClInclude Include="..\..\..\src\osgSim\LightPointDrawable.h">
      <Filter>Header Files</Filter>
    </ClInclude>
    <ClInclude Include="..\..\..\src\osgSim\LightPointSpriteDrawable.h">
      <Filter>Header Files</Filter>
    </ClInclude>
  </ItemGroup>
  <ItemGroup>
    <None Include="..\..\..\include\osgSim\BlinkSequence">
      <Filter>Header Files</Filter>
    </None>
    <None Include="..\..\..\include\osgSim\ColorRange">
      <Filter>Header Files</Filter>
    </None>
    <None Include="..\..\..\include\osgSim\DOFTransform">
      <Filter>Header Files</Filter>
    </None>
    <None Include="..\..\..\include\osgSim\ElevationSlice">
      <Filter>Header Files</Filter>
    </None>
    <None Include="..\..\..\include\osgSim\HeightAboveTerrain">
      <Filter>Header Files</Filter>
    </None>
    <None Include="..\..\..\include\osgSim\Export">
      <Filter>Header Files</Filter>
    </None>
    <None Include="..\..\..\include\osgSim\GeographicLocation">
      <Filter>Header Files</Filter>
    </None>
    <None Include="..\..\..\include\osgSim\Impostor">
      <Filter>Header Files</Filter>
    </None>
    <None Include="..\..\..\include\osgSim\ImpostorSprite">
      <Filter>Header Files</Filter>
    </None>
    <None Include="..\..\..\include\osgSim\InsertImpostorsVisitor">
      <Filter>Header Files</Filter>
    </None>
    <None Include="..\..\..\include\osgSim\LightPoint">
      <Filter>Header Files</Filter>
    </None>
    <None Include="..\..\..\include\osgSim\LightPointNode">
      <Filter>Header Files</Filter>
    </None>
    <None Include="..\..\..\include\osgSim\LightPointSystem">
      <Filter>Header Files</Filter>
    </None>
    <None Include="..\..\..\include\osgSim\LineOfSight">
      <Filter>Header Files</Filter>
    </None>
    <None Include="..\..\..\include\osgSim\MultiSwitch">
      <Filter>Header Files</Filter>
    </None>
    <None Include="..\..\..\include\osgSim\OverlayNode">
      <Filter>Header Files</Filter>
    </None>
    <None Include="..\..\..\include\osgSim\ObjectRecordData">
      <Filter>Header Files</Filter>
    </None>
    <None Include="..\..\..\include\osgSim\ScalarBar">
      <Filter>Header Files</Filter>
    </None>
    <None Include="..\..\..\include\osgSim\ScalarsToColors">
      <Filter>Header Files</Filter>
    </None>
    <None Include="..\..\..\include\osgSim\Sector">
      <Filter>Header Files</Filter>
    </None>
    <None Include="..\..\..\include\osgSim\ShapeAttribute">
      <Filter>Header Files</Filter>
    </None>
    <None Include="..\..\..\include\osgSim\SphereSegment">
      <Filter>Header Files</Filter>
    </None>
    <None Include="..\..\..\include\osgSim\Version">
      <Filter>Header Files</Filter>
    </None>
    <None Include="..\..\..\include\osgSim\VisibilityGroup">
      <Filter>Header Files</Filter>
    </None>
  </ItemGroup>
  <ItemGroup>
    <ResourceCompile Include="..\..\PlatformSpecifics\Windows\OpenSceneGraphVersionInfo.rc">
      <Filter>Source Files</Filter>
    </ResourceCompile>
  </ItemGroup>
  <ItemGroup>
    <Filter Include="Source Files">
      <UniqueIdentifier>{958EDEA2-8182-4160-90A0-EBD010445353}</UniqueIdentifier>
    </Filter>
    <Filter Include="Header Files">
      <UniqueIdentifier>{4DAE4354-830F-4BB8-9394-40EEB6F76CF8}</UniqueIdentifier>
    </Filter>
  </ItemGroup>
</Project>