<?xml version="1.0" encoding="utf-8"?>
<Project ToolsVersion="12.0" xmlns="http://schemas.microsoft.com/developer/msbuild/2003">
  <ItemGroup>
    <CustomBuild Include="..\..\CMakeFiles\fb9f84cdc0b89d7a6510aa7fc913c7b8\INSTALL_force.rule">
      <Filter>CMake Rules</Filter>
    </CustomBuild>
  </ItemGroup>
  <ItemGroup>
    <Filter Include="CMake Rules">
      <UniqueIdentifier>{75EFDB54-0632-45C1-8F3A-A611D21BA727}</UniqueIdentifier>
    </Filter>
  </ItemGroup>
</Project>
