Microsoft Visual Studio Solution File, Format Version 12.00
# Visual Studio 2013
Project("{8BC9CEB8-8B4A-11D0-8D11-00A0C91BC942}") = "ALL_BUILD", "ALL_BUILD.vcxproj", "{5B60DF90-2FA2-4A88-81F9-240A887DB997}"
	ProjectSection(ProjectDependencies) = postProject
		{0C5037C0-28FE-4BDF-9967-326BA0808D6A} = {0C5037C0-28FE-4BDF-9967-326BA0808D6A}
		{E6C92D39-A091-472D-AB67-2169EC103A23} = {E6C92D39-A091-472D-AB67-2169EC103A23}
		{54F05F91-1789-4C06-AE2B-B507DFF7ADE8} = {54F05F91-1789-4C06-AE2B-B507DFF7ADE8}
		{9824E395-C465-4134-9AE3-A4D16F86629A} = {9824E395-C465-4134-9AE3-A4D16F86629A}
		{8869A14E-1A2F-440F-8A52-F2153FD9DA31} = {8869A14E-1A2F-440F-8A52-F2153FD9DA31}
		{76A89F29-C016-44CA-88F3-7F7E0791DAD3} = {76A89F29-C016-44CA-88F3-7F7E0791DAD3}
	EndProjectSection
EndProject
Project("{8BC9CEB8-8B4A-11D0-8D11-00A0C91BC942}") = "INSTALL", "INSTALL.vcxproj", "{F0448BC1-129D-41BD-B996-72513B8EDE55}"
	ProjectSection(ProjectDependencies) = postProject
		{5B60DF90-2FA2-4A88-81F9-240A887DB997} = {5B60DF90-2FA2-4A88-81F9-240A887DB997}
	EndProjectSection
EndProject
Project("{8BC9CEB8-8B4A-11D0-8D11-00A0C91BC942}") = "OpenThreads", "..\src\OpenThreads\win32\OpenThreads.vcxproj", "{CBCEB35E-E9CB-4693-A420-8B9256CE45C4}"
	ProjectSection(ProjectDependencies) = postProject
		{EEFEADFA-C8B4-4528-9DE3-EB1B524745AA} = {EEFEADFA-C8B4-4528-9DE3-EB1B524745AA}
	EndProjectSection
EndProject
Project("{8BC9CEB8-8B4A-11D0-8D11-00A0C91BC942}") = "ZERO_CHECK", "..\ZERO_CHECK.vcxproj", "{EEFEADFA-C8B4-4528-9DE3-EB1B524745AA}"
	ProjectSection(ProjectDependencies) = postProject
	EndProjectSection
EndProject
Project("{8BC9CEB8-8B4A-11D0-8D11-00A0C91BC942}") = "application_osgarchive", "osgarchive\application_osgarchive.vcxproj", "{0C5037C0-28FE-4BDF-9967-326BA0808D6A}"
	ProjectSection(ProjectDependencies) = postProject
		{CBCEB35E-E9CB-4693-A420-8B9256CE45C4} = {CBCEB35E-E9CB-4693-A420-8B9256CE45C4}
		{EEFEADFA-C8B4-4528-9DE3-EB1B524745AA} = {EEFEADFA-C8B4-4528-9DE3-EB1B524745AA}
		{3295F007-83A5-4D0A-BCB9-A9CF2011F7DB} = {3295F007-83A5-4D0A-BCB9-A9CF2011F7DB}
		{ADB77B4D-48DE-4477-96E8-BF031EDE63FC} = {ADB77B4D-48DE-4477-96E8-BF031EDE63FC}
		{1121398F-0B57-4E68-ABDB-831AF0C8B2CC} = {1121398F-0B57-4E68-ABDB-831AF0C8B2CC}
		{65D5511A-34BF-4CFA-AE8E-112A65EE81B1} = {65D5511A-34BF-4CFA-AE8E-112A65EE81B1}
		{0CB912B2-9F0C-4C01-9E6D-CA964A208158} = {0CB912B2-9F0C-4C01-9E6D-CA964A208158}
		{5865E58C-5B1E-427A-B881-B60F766C567D} = {5865E58C-5B1E-427A-B881-B60F766C567D}
	EndProjectSection
EndProject
Project("{8BC9CEB8-8B4A-11D0-8D11-00A0C91BC942}") = "application_osgconv", "osgconv\application_osgconv.vcxproj", "{E6C92D39-A091-472D-AB67-2169EC103A23}"
	ProjectSection(ProjectDependencies) = postProject
		{CBCEB35E-E9CB-4693-A420-8B9256CE45C4} = {CBCEB35E-E9CB-4693-A420-8B9256CE45C4}
		{EEFEADFA-C8B4-4528-9DE3-EB1B524745AA} = {EEFEADFA-C8B4-4528-9DE3-EB1B524745AA}
		{3295F007-83A5-4D0A-BCB9-A9CF2011F7DB} = {3295F007-83A5-4D0A-BCB9-A9CF2011F7DB}
		{ADB77B4D-48DE-4477-96E8-BF031EDE63FC} = {ADB77B4D-48DE-4477-96E8-BF031EDE63FC}
		{1121398F-0B57-4E68-ABDB-831AF0C8B2CC} = {1121398F-0B57-4E68-ABDB-831AF0C8B2CC}
		{65D5511A-34BF-4CFA-AE8E-112A65EE81B1} = {65D5511A-34BF-4CFA-AE8E-112A65EE81B1}
		{0CB912B2-9F0C-4C01-9E6D-CA964A208158} = {0CB912B2-9F0C-4C01-9E6D-CA964A208158}
		{5865E58C-5B1E-427A-B881-B60F766C567D} = {5865E58C-5B1E-427A-B881-B60F766C567D}
	EndProjectSection
EndProject
Project("{8BC9CEB8-8B4A-11D0-8D11-00A0C91BC942}") = "application_osgfilecache", "osgfilecache\application_osgfilecache.vcxproj", "{54F05F91-1789-4C06-AE2B-B507DFF7ADE8}"
	ProjectSection(ProjectDependencies) = postProject
		{CBCEB35E-E9CB-4693-A420-8B9256CE45C4} = {CBCEB35E-E9CB-4693-A420-8B9256CE45C4}
		{EEFEADFA-C8B4-4528-9DE3-EB1B524745AA} = {EEFEADFA-C8B4-4528-9DE3-EB1B524745AA}
		{3295F007-83A5-4D0A-BCB9-A9CF2011F7DB} = {3295F007-83A5-4D0A-BCB9-A9CF2011F7DB}
		{ADB77B4D-48DE-4477-96E8-BF031EDE63FC} = {ADB77B4D-48DE-4477-96E8-BF031EDE63FC}
		{1121398F-0B57-4E68-ABDB-831AF0C8B2CC} = {1121398F-0B57-4E68-ABDB-831AF0C8B2CC}
		{DF56496F-72A4-4D73-B348-2A8AB4494B61} = {DF56496F-72A4-4D73-B348-2A8AB4494B61}
		{65D5511A-34BF-4CFA-AE8E-112A65EE81B1} = {65D5511A-34BF-4CFA-AE8E-112A65EE81B1}
		{0CB912B2-9F0C-4C01-9E6D-CA964A208158} = {0CB912B2-9F0C-4C01-9E6D-CA964A208158}
		{5865E58C-5B1E-427A-B881-B60F766C567D} = {5865E58C-5B1E-427A-B881-B60F766C567D}
	EndProjectSection
EndProject
Project("{8BC9CEB8-8B4A-11D0-8D11-00A0C91BC942}") = "application_osgversion", "osgversion\application_osgversion.vcxproj", "{9824E395-C465-4134-9AE3-A4D16F86629A}"
	ProjectSection(ProjectDependencies) = postProject
		{CBCEB35E-E9CB-4693-A420-8B9256CE45C4} = {CBCEB35E-E9CB-4693-A420-8B9256CE45C4}
		{EEFEADFA-C8B4-4528-9DE3-EB1B524745AA} = {EEFEADFA-C8B4-4528-9DE3-EB1B524745AA}
		{3295F007-83A5-4D0A-BCB9-A9CF2011F7DB} = {3295F007-83A5-4D0A-BCB9-A9CF2011F7DB}
		{ADB77B4D-48DE-4477-96E8-BF031EDE63FC} = {ADB77B4D-48DE-4477-96E8-BF031EDE63FC}
		{0CB912B2-9F0C-4C01-9E6D-CA964A208158} = {0CB912B2-9F0C-4C01-9E6D-CA964A208158}
	EndProjectSection
EndProject
Project("{8BC9CEB8-8B4A-11D0-8D11-00A0C91BC942}") = "application_osgviewer", "osgviewer\application_osgviewer.vcxproj", "{8869A14E-1A2F-440F-8A52-F2153FD9DA31}"
	ProjectSection(ProjectDependencies) = postProject
		{CBCEB35E-E9CB-4693-A420-8B9256CE45C4} = {CBCEB35E-E9CB-4693-A420-8B9256CE45C4}
		{EEFEADFA-C8B4-4528-9DE3-EB1B524745AA} = {EEFEADFA-C8B4-4528-9DE3-EB1B524745AA}
		{3295F007-83A5-4D0A-BCB9-A9CF2011F7DB} = {3295F007-83A5-4D0A-BCB9-A9CF2011F7DB}
		{ADB77B4D-48DE-4477-96E8-BF031EDE63FC} = {ADB77B4D-48DE-4477-96E8-BF031EDE63FC}
		{1121398F-0B57-4E68-ABDB-831AF0C8B2CC} = {1121398F-0B57-4E68-ABDB-831AF0C8B2CC}
		{65D5511A-34BF-4CFA-AE8E-112A65EE81B1} = {65D5511A-34BF-4CFA-AE8E-112A65EE81B1}
		{0CB912B2-9F0C-4C01-9E6D-CA964A208158} = {0CB912B2-9F0C-4C01-9E6D-CA964A208158}
		{5865E58C-5B1E-427A-B881-B60F766C567D} = {5865E58C-5B1E-427A-B881-B60F766C567D}
	EndProjectSection
EndProject
Project("{8BC9CEB8-8B4A-11D0-8D11-00A0C91BC942}") = "application_present3D", "present3D\application_present3D.vcxproj", "{76A89F29-C016-44CA-88F3-7F7E0791DAD3}"
	ProjectSection(ProjectDependencies) = postProject
		{CBCEB35E-E9CB-4693-A420-8B9256CE45C4} = {CBCEB35E-E9CB-4693-A420-8B9256CE45C4}
		{EEFEADFA-C8B4-4528-9DE3-EB1B524745AA} = {EEFEADFA-C8B4-4528-9DE3-EB1B524745AA}
		{3295F007-83A5-4D0A-BCB9-A9CF2011F7DB} = {3295F007-83A5-4D0A-BCB9-A9CF2011F7DB}
		{ADB77B4D-48DE-4477-96E8-BF031EDE63FC} = {ADB77B4D-48DE-4477-96E8-BF031EDE63FC}
		{33D305E5-1DE9-4FA5-B39F-99798A78D25D} = {33D305E5-1DE9-4FA5-B39F-99798A78D25D}
		{1121398F-0B57-4E68-ABDB-831AF0C8B2CC} = {1121398F-0B57-4E68-ABDB-831AF0C8B2CC}
		{41F83103-DFA5-48D7-B3A3-D3CD908E70B8} = {41F83103-DFA5-48D7-B3A3-D3CD908E70B8}
		{A0D68DD3-B33B-4FFD-A665-EAE202C696CA} = {A0D68DD3-B33B-4FFD-A665-EAE202C696CA}
		{65D5511A-34BF-4CFA-AE8E-112A65EE81B1} = {65D5511A-34BF-4CFA-AE8E-112A65EE81B1}
		{5B21D1E9-0A00-418B-AF31-31D12422629C} = {5B21D1E9-0A00-418B-AF31-31D12422629C}
		{0CB912B2-9F0C-4C01-9E6D-CA964A208158} = {0CB912B2-9F0C-4C01-9E6D-CA964A208158}
		{5865E58C-5B1E-427A-B881-B60F766C567D} = {5865E58C-5B1E-427A-B881-B60F766C567D}
		{75AC7356-3637-4828-A825-CB6C550916EE} = {75AC7356-3637-4828-A825-CB6C550916EE}
		{1E19D3AD-FB8C-40C8-B854-1EB5668A3AAC} = {1E19D3AD-FB8C-40C8-B854-1EB5668A3AAC}
	EndProjectSection
EndProject
Project("{8BC9CEB8-8B4A-11D0-8D11-00A0C91BC942}") = "osg", "..\src\osg\osg.vcxproj", "{3295F007-83A5-4D0A-BCB9-A9CF2011F7DB}"
	ProjectSection(ProjectDependencies) = postProject
		{CBCEB35E-E9CB-4693-A420-8B9256CE45C4} = {CBCEB35E-E9CB-4693-A420-8B9256CE45C4}
		{EEFEADFA-C8B4-4528-9DE3-EB1B524745AA} = {EEFEADFA-C8B4-4528-9DE3-EB1B524745AA}
	EndProjectSection
EndProject
Project("{8BC9CEB8-8B4A-11D0-8D11-00A0C91BC942}") = "osgDB", "..\src\osgDB\osgDB.vcxproj", "{ADB77B4D-48DE-4477-96E8-BF031EDE63FC}"
	ProjectSection(ProjectDependencies) = postProject
		{CBCEB35E-E9CB-4693-A420-8B9256CE45C4} = {CBCEB35E-E9CB-4693-A420-8B9256CE45C4}
		{EEFEADFA-C8B4-4528-9DE3-EB1B524745AA} = {EEFEADFA-C8B4-4528-9DE3-EB1B524745AA}
		{3295F007-83A5-4D0A-BCB9-A9CF2011F7DB} = {3295F007-83A5-4D0A-BCB9-A9CF2011F7DB}
		{0CB912B2-9F0C-4C01-9E6D-CA964A208158} = {0CB912B2-9F0C-4C01-9E6D-CA964A208158}
	EndProjectSection
EndProject
Project("{8BC9CEB8-8B4A-11D0-8D11-00A0C91BC942}") = "osgFX", "..\src\osgFX\osgFX.vcxproj", "{33D305E5-1DE9-4FA5-B39F-99798A78D25D}"
	ProjectSection(ProjectDependencies) = postProject
		{CBCEB35E-E9CB-4693-A420-8B9256CE45C4} = {CBCEB35E-E9CB-4693-A420-8B9256CE45C4}
		{EEFEADFA-C8B4-4528-9DE3-EB1B524745AA} = {EEFEADFA-C8B4-4528-9DE3-EB1B524745AA}
		{3295F007-83A5-4D0A-BCB9-A9CF2011F7DB} = {3295F007-83A5-4D0A-BCB9-A9CF2011F7DB}
		{ADB77B4D-48DE-4477-96E8-BF031EDE63FC} = {ADB77B4D-48DE-4477-96E8-BF031EDE63FC}
		{0CB912B2-9F0C-4C01-9E6D-CA964A208158} = {0CB912B2-9F0C-4C01-9E6D-CA964A208158}
	EndProjectSection
EndProject
Project("{8BC9CEB8-8B4A-11D0-8D11-00A0C91BC942}") = "osgGA", "..\src\osgGA\osgGA.vcxproj", "{1121398F-0B57-4E68-ABDB-831AF0C8B2CC}"
	ProjectSection(ProjectDependencies) = postProject
		{CBCEB35E-E9CB-4693-A420-8B9256CE45C4} = {CBCEB35E-E9CB-4693-A420-8B9256CE45C4}
		{EEFEADFA-C8B4-4528-9DE3-EB1B524745AA} = {EEFEADFA-C8B4-4528-9DE3-EB1B524745AA}
		{3295F007-83A5-4D0A-BCB9-A9CF2011F7DB} = {3295F007-83A5-4D0A-BCB9-A9CF2011F7DB}
		{ADB77B4D-48DE-4477-96E8-BF031EDE63FC} = {ADB77B4D-48DE-4477-96E8-BF031EDE63FC}
		{0CB912B2-9F0C-4C01-9E6D-CA964A208158} = {0CB912B2-9F0C-4C01-9E6D-CA964A208158}
	EndProjectSection
EndProject
Project("{8BC9CEB8-8B4A-11D0-8D11-00A0C91BC942}") = "osgManipulator", "..\src\osgManipulator\osgManipulator.vcxproj", "{41F83103-DFA5-48D7-B3A3-D3CD908E70B8}"
	ProjectSection(ProjectDependencies) = postProject
		{CBCEB35E-E9CB-4693-A420-8B9256CE45C4} = {CBCEB35E-E9CB-4693-A420-8B9256CE45C4}
		{EEFEADFA-C8B4-4528-9DE3-EB1B524745AA} = {EEFEADFA-C8B4-4528-9DE3-EB1B524745AA}
		{3295F007-83A5-4D0A-BCB9-A9CF2011F7DB} = {3295F007-83A5-4D0A-BCB9-A9CF2011F7DB}
		{ADB77B4D-48DE-4477-96E8-BF031EDE63FC} = {ADB77B4D-48DE-4477-96E8-BF031EDE63FC}
		{1121398F-0B57-4E68-ABDB-831AF0C8B2CC} = {1121398F-0B57-4E68-ABDB-831AF0C8B2CC}
		{65D5511A-34BF-4CFA-AE8E-112A65EE81B1} = {65D5511A-34BF-4CFA-AE8E-112A65EE81B1}
		{0CB912B2-9F0C-4C01-9E6D-CA964A208158} = {0CB912B2-9F0C-4C01-9E6D-CA964A208158}
		{5865E58C-5B1E-427A-B881-B60F766C567D} = {5865E58C-5B1E-427A-B881-B60F766C567D}
	EndProjectSection
EndProject
Project("{8BC9CEB8-8B4A-11D0-8D11-00A0C91BC942}") = "osgPresentation", "..\src\osgPresentation\osgPresentation.vcxproj", "{A0D68DD3-B33B-4FFD-A665-EAE202C696CA}"
	ProjectSection(ProjectDependencies) = postProject
		{CBCEB35E-E9CB-4693-A420-8B9256CE45C4} = {CBCEB35E-E9CB-4693-A420-8B9256CE45C4}
		{EEFEADFA-C8B4-4528-9DE3-EB1B524745AA} = {EEFEADFA-C8B4-4528-9DE3-EB1B524745AA}
		{3295F007-83A5-4D0A-BCB9-A9CF2011F7DB} = {3295F007-83A5-4D0A-BCB9-A9CF2011F7DB}
		{ADB77B4D-48DE-4477-96E8-BF031EDE63FC} = {ADB77B4D-48DE-4477-96E8-BF031EDE63FC}
		{33D305E5-1DE9-4FA5-B39F-99798A78D25D} = {33D305E5-1DE9-4FA5-B39F-99798A78D25D}
		{1121398F-0B57-4E68-ABDB-831AF0C8B2CC} = {1121398F-0B57-4E68-ABDB-831AF0C8B2CC}
		{41F83103-DFA5-48D7-B3A3-D3CD908E70B8} = {41F83103-DFA5-48D7-B3A3-D3CD908E70B8}
		{65D5511A-34BF-4CFA-AE8E-112A65EE81B1} = {65D5511A-34BF-4CFA-AE8E-112A65EE81B1}
		{5B21D1E9-0A00-418B-AF31-31D12422629C} = {5B21D1E9-0A00-418B-AF31-31D12422629C}
		{0CB912B2-9F0C-4C01-9E6D-CA964A208158} = {0CB912B2-9F0C-4C01-9E6D-CA964A208158}
		{5865E58C-5B1E-427A-B881-B60F766C567D} = {5865E58C-5B1E-427A-B881-B60F766C567D}
		{75AC7356-3637-4828-A825-CB6C550916EE} = {75AC7356-3637-4828-A825-CB6C550916EE}
		{1E19D3AD-FB8C-40C8-B854-1EB5668A3AAC} = {1E19D3AD-FB8C-40C8-B854-1EB5668A3AAC}
	EndProjectSection
EndProject
Project("{8BC9CEB8-8B4A-11D0-8D11-00A0C91BC942}") = "osgTerrain", "..\src\osgTerrain\osgTerrain.vcxproj", "{DF56496F-72A4-4D73-B348-2A8AB4494B61}"
	ProjectSection(ProjectDependencies) = postProject
		{CBCEB35E-E9CB-4693-A420-8B9256CE45C4} = {CBCEB35E-E9CB-4693-A420-8B9256CE45C4}
		{EEFEADFA-C8B4-4528-9DE3-EB1B524745AA} = {EEFEADFA-C8B4-4528-9DE3-EB1B524745AA}
		{3295F007-83A5-4D0A-BCB9-A9CF2011F7DB} = {3295F007-83A5-4D0A-BCB9-A9CF2011F7DB}
		{ADB77B4D-48DE-4477-96E8-BF031EDE63FC} = {ADB77B4D-48DE-4477-96E8-BF031EDE63FC}
		{0CB912B2-9F0C-4C01-9E6D-CA964A208158} = {0CB912B2-9F0C-4C01-9E6D-CA964A208158}
	EndProjectSection
EndProject
Project("{8BC9CEB8-8B4A-11D0-8D11-00A0C91BC942}") = "osgText", "..\src\osgText\osgText.vcxproj", "{65D5511A-34BF-4CFA-AE8E-112A65EE81B1}"
	ProjectSection(ProjectDependencies) = postProject
		{CBCEB35E-E9CB-4693-A420-8B9256CE45C4} = {CBCEB35E-E9CB-4693-A420-8B9256CE45C4}
		{EEFEADFA-C8B4-4528-9DE3-EB1B524745AA} = {EEFEADFA-C8B4-4528-9DE3-EB1B524745AA}
		{3295F007-83A5-4D0A-BCB9-A9CF2011F7DB} = {3295F007-83A5-4D0A-BCB9-A9CF2011F7DB}
		{ADB77B4D-48DE-4477-96E8-BF031EDE63FC} = {ADB77B4D-48DE-4477-96E8-BF031EDE63FC}
		{0CB912B2-9F0C-4C01-9E6D-CA964A208158} = {0CB912B2-9F0C-4C01-9E6D-CA964A208158}
	EndProjectSection
EndProject
Project("{8BC9CEB8-8B4A-11D0-8D11-00A0C91BC942}") = "osgUI", "..\src\osgUI\osgUI.vcxproj", "{5B21D1E9-0A00-418B-AF31-31D12422629C}"
	ProjectSection(ProjectDependencies) = postProject
		{CBCEB35E-E9CB-4693-A420-8B9256CE45C4} = {CBCEB35E-E9CB-4693-A420-8B9256CE45C4}
		{EEFEADFA-C8B4-4528-9DE3-EB1B524745AA} = {EEFEADFA-C8B4-4528-9DE3-EB1B524745AA}
		{3295F007-83A5-4D0A-BCB9-A9CF2011F7DB} = {3295F007-83A5-4D0A-BCB9-A9CF2011F7DB}
		{ADB77B4D-48DE-4477-96E8-BF031EDE63FC} = {ADB77B4D-48DE-4477-96E8-BF031EDE63FC}
		{1121398F-0B57-4E68-ABDB-831AF0C8B2CC} = {1121398F-0B57-4E68-ABDB-831AF0C8B2CC}
		{65D5511A-34BF-4CFA-AE8E-112A65EE81B1} = {65D5511A-34BF-4CFA-AE8E-112A65EE81B1}
		{0CB912B2-9F0C-4C01-9E6D-CA964A208158} = {0CB912B2-9F0C-4C01-9E6D-CA964A208158}
		{5865E58C-5B1E-427A-B881-B60F766C567D} = {5865E58C-5B1E-427A-B881-B60F766C567D}
	EndProjectSection
EndProject
Project("{8BC9CEB8-8B4A-11D0-8D11-00A0C91BC942}") = "osgUtil", "..\src\osgUtil\osgUtil.vcxproj", "{0CB912B2-9F0C-4C01-9E6D-CA964A208158}"
	ProjectSection(ProjectDependencies) = postProject
		{CBCEB35E-E9CB-4693-A420-8B9256CE45C4} = {CBCEB35E-E9CB-4693-A420-8B9256CE45C4}
		{EEFEADFA-C8B4-4528-9DE3-EB1B524745AA} = {EEFEADFA-C8B4-4528-9DE3-EB1B524745AA}
		{3295F007-83A5-4D0A-BCB9-A9CF2011F7DB} = {3295F007-83A5-4D0A-BCB9-A9CF2011F7DB}
	EndProjectSection
EndProject
Project("{8BC9CEB8-8B4A-11D0-8D11-00A0C91BC942}") = "osgViewer", "..\src\osgViewer\osgViewer.vcxproj", "{5865E58C-5B1E-427A-B881-B60F766C567D}"
	ProjectSection(ProjectDependencies) = postProject
		{CBCEB35E-E9CB-4693-A420-8B9256CE45C4} = {CBCEB35E-E9CB-4693-A420-8B9256CE45C4}
		{EEFEADFA-C8B4-4528-9DE3-EB1B524745AA} = {EEFEADFA-C8B4-4528-9DE3-EB1B524745AA}
		{3295F007-83A5-4D0A-BCB9-A9CF2011F7DB} = {3295F007-83A5-4D0A-BCB9-A9CF2011F7DB}
		{ADB77B4D-48DE-4477-96E8-BF031EDE63FC} = {ADB77B4D-48DE-4477-96E8-BF031EDE63FC}
		{1121398F-0B57-4E68-ABDB-831AF0C8B2CC} = {1121398F-0B57-4E68-ABDB-831AF0C8B2CC}
		{65D5511A-34BF-4CFA-AE8E-112A65EE81B1} = {65D5511A-34BF-4CFA-AE8E-112A65EE81B1}
		{0CB912B2-9F0C-4C01-9E6D-CA964A208158} = {0CB912B2-9F0C-4C01-9E6D-CA964A208158}
	EndProjectSection
EndProject
Project("{8BC9CEB8-8B4A-11D0-8D11-00A0C91BC942}") = "osgVolume", "..\src\osgVolume\osgVolume.vcxproj", "{75AC7356-3637-4828-A825-CB6C550916EE}"
	ProjectSection(ProjectDependencies) = postProject
		{CBCEB35E-E9CB-4693-A420-8B9256CE45C4} = {CBCEB35E-E9CB-4693-A420-8B9256CE45C4}
		{EEFEADFA-C8B4-4528-9DE3-EB1B524745AA} = {EEFEADFA-C8B4-4528-9DE3-EB1B524745AA}
		{3295F007-83A5-4D0A-BCB9-A9CF2011F7DB} = {3295F007-83A5-4D0A-BCB9-A9CF2011F7DB}
		{ADB77B4D-48DE-4477-96E8-BF031EDE63FC} = {ADB77B4D-48DE-4477-96E8-BF031EDE63FC}
		{1121398F-0B57-4E68-ABDB-831AF0C8B2CC} = {1121398F-0B57-4E68-ABDB-831AF0C8B2CC}
		{0CB912B2-9F0C-4C01-9E6D-CA964A208158} = {0CB912B2-9F0C-4C01-9E6D-CA964A208158}
	EndProjectSection
EndProject
Project("{8BC9CEB8-8B4A-11D0-8D11-00A0C91BC942}") = "osgWidget", "..\src\osgWidget\osgWidget.vcxproj", "{1E19D3AD-FB8C-40C8-B854-1EB5668A3AAC}"
	ProjectSection(ProjectDependencies) = postProject
		{CBCEB35E-E9CB-4693-A420-8B9256CE45C4} = {CBCEB35E-E9CB-4693-A420-8B9256CE45C4}
		{EEFEADFA-C8B4-4528-9DE3-EB1B524745AA} = {EEFEADFA-C8B4-4528-9DE3-EB1B524745AA}
		{3295F007-83A5-4D0A-BCB9-A9CF2011F7DB} = {3295F007-83A5-4D0A-BCB9-A9CF2011F7DB}
		{ADB77B4D-48DE-4477-96E8-BF031EDE63FC} = {ADB77B4D-48DE-4477-96E8-BF031EDE63FC}
		{1121398F-0B57-4E68-ABDB-831AF0C8B2CC} = {1121398F-0B57-4E68-ABDB-831AF0C8B2CC}
		{65D5511A-34BF-4CFA-AE8E-112A65EE81B1} = {65D5511A-34BF-4CFA-AE8E-112A65EE81B1}
		{0CB912B2-9F0C-4C01-9E6D-CA964A208158} = {0CB912B2-9F0C-4C01-9E6D-CA964A208158}
		{5865E58C-5B1E-427A-B881-B60F766C567D} = {5865E58C-5B1E-427A-B881-B60F766C567D}
	EndProjectSection
EndProject
Project("{2150E333-8FDC-42A3-9474-1A3956D46DE8}") = "Applications", "Applications", "{5A8E410A-E6A9-42E9-AF09-0AD695708A58}"
EndProject
Project("{2150E333-8FDC-42A3-9474-1A3956D46DE8}") = "CMakePredefinedTargets", "CMakePredefinedTargets", "{D9CF92E1-1212-447A-8A49-B19CFD1EB4BB}"
EndProject
Project("{2150E333-8FDC-42A3-9474-1A3956D46DE8}") = "OSG Core", "OSG Core", "{ABA84F2F-6C4E-4BF9-8F33-591BCE04A34D}"
EndProject
Global
	GlobalSection(SolutionConfigurationPlatforms) = preSolution
		Debug|Win32 = Debug|Win32
		Release|Win32 = Release|Win32
		MinSizeRel|Win32 = MinSizeRel|Win32
		RelWithDebInfo|Win32 = RelWithDebInfo|Win32
	EndGlobalSection
	GlobalSection(ProjectConfigurationPlatforms) = postSolution
		{5B60DF90-2FA2-4A88-81F9-240A887DB997}.Debug|Win32.ActiveCfg = Debug|Win32
		{5B60DF90-2FA2-4A88-81F9-240A887DB997}.Debug|Win32.Build.0 = Debug|Win32
		{5B60DF90-2FA2-4A88-81F9-240A887DB997}.Release|Win32.ActiveCfg = Release|Win32
		{5B60DF90-2FA2-4A88-81F9-240A887DB997}.Release|Win32.Build.0 = Release|Win32
		{5B60DF90-2FA2-4A88-81F9-240A887DB997}.MinSizeRel|Win32.ActiveCfg = MinSizeRel|Win32
		{5B60DF90-2FA2-4A88-81F9-240A887DB997}.MinSizeRel|Win32.Build.0 = MinSizeRel|Win32
		{5B60DF90-2FA2-4A88-81F9-240A887DB997}.RelWithDebInfo|Win32.ActiveCfg = RelWithDebInfo|Win32
		{5B60DF90-2FA2-4A88-81F9-240A887DB997}.RelWithDebInfo|Win32.Build.0 = RelWithDebInfo|Win32
		{F0448BC1-129D-41BD-B996-72513B8EDE55}.Debug|Win32.ActiveCfg = Debug|Win32
		{F0448BC1-129D-41BD-B996-72513B8EDE55}.Release|Win32.ActiveCfg = Release|Win32
		{F0448BC1-129D-41BD-B996-72513B8EDE55}.MinSizeRel|Win32.ActiveCfg = MinSizeRel|Win32
		{F0448BC1-129D-41BD-B996-72513B8EDE55}.RelWithDebInfo|Win32.ActiveCfg = RelWithDebInfo|Win32
		{CBCEB35E-E9CB-4693-A420-8B9256CE45C4}.Debug|Win32.ActiveCfg = Debug|Win32
		{CBCEB35E-E9CB-4693-A420-8B9256CE45C4}.Debug|Win32.Build.0 = Debug|Win32
		{CBCEB35E-E9CB-4693-A420-8B9256CE45C4}.Release|Win32.ActiveCfg = Release|Win32
		{CBCEB35E-E9CB-4693-A420-8B9256CE45C4}.Release|Win32.Build.0 = Release|Win32
		{CBCEB35E-E9CB-4693-A420-8B9256CE45C4}.MinSizeRel|Win32.ActiveCfg = MinSizeRel|Win32
		{CBCEB35E-E9CB-4693-A420-8B9256CE45C4}.MinSizeRel|Win32.Build.0 = MinSizeRel|Win32
		{CBCEB35E-E9CB-4693-A420-8B9256CE45C4}.RelWithDebInfo|Win32.ActiveCfg = RelWithDebInfo|Win32
		{CBCEB35E-E9CB-4693-A420-8B9256CE45C4}.RelWithDebInfo|Win32.Build.0 = RelWithDebInfo|Win32
		{EEFEADFA-C8B4-4528-9DE3-EB1B524745AA}.Debug|Win32.ActiveCfg = Debug|Win32
		{EEFEADFA-C8B4-4528-9DE3-EB1B524745AA}.Debug|Win32.Build.0 = Debug|Win32
		{EEFEADFA-C8B4-4528-9DE3-EB1B524745AA}.Release|Win32.ActiveCfg = Release|Win32
		{EEFEADFA-C8B4-4528-9DE3-EB1B524745AA}.Release|Win32.Build.0 = Release|Win32
		{EEFEADFA-C8B4-4528-9DE3-EB1B524745AA}.MinSizeRel|Win32.ActiveCfg = MinSizeRel|Win32
		{EEFEADFA-C8B4-4528-9DE3-EB1B524745AA}.MinSizeRel|Win32.Build.0 = MinSizeRel|Win32
		{EEFEADFA-C8B4-4528-9DE3-EB1B524745AA}.RelWithDebInfo|Win32.ActiveCfg = RelWithDebInfo|Win32
		{EEFEADFA-C8B4-4528-9DE3-EB1B524745AA}.RelWithDebInfo|Win32.Build.0 = RelWithDebInfo|Win32
		{0C5037C0-28FE-4BDF-9967-326BA0808D6A}.Debug|Win32.ActiveCfg = Debug|Win32
		{0C5037C0-28FE-4BDF-9967-326BA0808D6A}.Debug|Win32.Build.0 = Debug|Win32
		{0C5037C0-28FE-4BDF-9967-326BA0808D6A}.Release|Win32.ActiveCfg = Release|Win32
		{0C5037C0-28FE-4BDF-9967-326BA0808D6A}.Release|Win32.Build.0 = Release|Win32
		{0C5037C0-28FE-4BDF-9967-326BA0808D6A}.MinSizeRel|Win32.ActiveCfg = MinSizeRel|Win32
		{0C5037C0-28FE-4BDF-9967-326BA0808D6A}.MinSizeRel|Win32.Build.0 = MinSizeRel|Win32
		{0C5037C0-28FE-4BDF-9967-326BA0808D6A}.RelWithDebInfo|Win32.ActiveCfg = RelWithDebInfo|Win32
		{0C5037C0-28FE-4BDF-9967-326BA0808D6A}.RelWithDebInfo|Win32.Build.0 = RelWithDebInfo|Win32
		{E6C92D39-A091-472D-AB67-2169EC103A23}.Debug|Win32.ActiveCfg = Debug|Win32
		{E6C92D39-A091-472D-AB67-2169EC103A23}.Debug|Win32.Build.0 = Debug|Win32
		{E6C92D39-A091-472D-AB67-2169EC103A23}.Release|Win32.ActiveCfg = Release|Win32
		{E6C92D39-A091-472D-AB67-2169EC103A23}.Release|Win32.Build.0 = Release|Win32
		{E6C92D39-A091-472D-AB67-2169EC103A23}.MinSizeRel|Win32.ActiveCfg = MinSizeRel|Win32
		{E6C92D39-A091-472D-AB67-2169EC103A23}.MinSizeRel|Win32.Build.0 = MinSizeRel|Win32
		{E6C92D39-A091-472D-AB67-2169EC103A23}.RelWithDebInfo|Win32.ActiveCfg = RelWithDebInfo|Win32
		{E6C92D39-A091-472D-AB67-2169EC103A23}.RelWithDebInfo|Win32.Build.0 = RelWithDebInfo|Win32
		{54F05F91-1789-4C06-AE2B-B507DFF7ADE8}.Debug|Win32.ActiveCfg = Debug|Win32
		{54F05F91-1789-4C06-AE2B-B507DFF7ADE8}.Debug|Win32.Build.0 = Debug|Win32
		{54F05F91-1789-4C06-AE2B-B507DFF7ADE8}.Release|Win32.ActiveCfg = Release|Win32
		{54F05F91-1789-4C06-AE2B-B507DFF7ADE8}.Release|Win32.Build.0 = Release|Win32
		{54F05F91-1789-4C06-AE2B-B507DFF7ADE8}.MinSizeRel|Win32.ActiveCfg = MinSizeRel|Win32
		{54F05F91-1789-4C06-AE2B-B507DFF7ADE8}.MinSizeRel|Win32.Build.0 = MinSizeRel|Win32
		{54F05F91-1789-4C06-AE2B-B507DFF7ADE8}.RelWithDebInfo|Win32.ActiveCfg = RelWithDebInfo|Win32
		{54F05F91-1789-4C06-AE2B-B507DFF7ADE8}.RelWithDebInfo|Win32.Build.0 = RelWithDebInfo|Win32
		{9824E395-C465-4134-9AE3-A4D16F86629A}.Debug|Win32.ActiveCfg = Debug|Win32
		{9824E395-C465-4134-9AE3-A4D16F86629A}.Debug|Win32.Build.0 = Debug|Win32
		{9824E395-C465-4134-9AE3-A4D16F86629A}.Release|Win32.ActiveCfg = Release|Win32
		{9824E395-C465-4134-9AE3-A4D16F86629A}.Release|Win32.Build.0 = Release|Win32
		{9824E395-C465-4134-9AE3-A4D16F86629A}.MinSizeRel|Win32.ActiveCfg = MinSizeRel|Win32
		{9824E395-C465-4134-9AE3-A4D16F86629A}.MinSizeRel|Win32.Build.0 = MinSizeRel|Win32
		{9824E395-C465-4134-9AE3-A4D16F86629A}.RelWithDebInfo|Win32.ActiveCfg = RelWithDebInfo|Win32
		{9824E395-C465-4134-9AE3-A4D16F86629A}.RelWithDebInfo|Win32.Build.0 = RelWithDebInfo|Win32
		{8869A14E-1A2F-440F-8A52-F2153FD9DA31}.Debug|Win32.ActiveCfg = Debug|Win32
		{8869A14E-1A2F-440F-8A52-F2153FD9DA31}.Debug|Win32.Build.0 = Debug|Win32
		{8869A14E-1A2F-440F-8A52-F2153FD9DA31}.Release|Win32.ActiveCfg = Release|Win32
		{8869A14E-1A2F-440F-8A52-F2153FD9DA31}.Release|Win32.Build.0 = Release|Win32
		{8869A14E-1A2F-440F-8A52-F2153FD9DA31}.MinSizeRel|Win32.ActiveCfg = MinSizeRel|Win32
		{8869A14E-1A2F-440F-8A52-F2153FD9DA31}.MinSizeRel|Win32.Build.0 = MinSizeRel|Win32
		{8869A14E-1A2F-440F-8A52-F2153FD9DA31}.RelWithDebInfo|Win32.ActiveCfg = RelWithDebInfo|Win32
		{8869A14E-1A2F-440F-8A52-F2153FD9DA31}.RelWithDebInfo|Win32.Build.0 = RelWithDebInfo|Win32
		{76A89F29-C016-44CA-88F3-7F7E0791DAD3}.Debug|Win32.ActiveCfg = Debug|Win32
		{76A89F29-C016-44CA-88F3-7F7E0791DAD3}.Debug|Win32.Build.0 = Debug|Win32
		{76A89F29-C016-44CA-88F3-7F7E0791DAD3}.Release|Win32.ActiveCfg = Release|Win32
		{76A89F29-C016-44CA-88F3-7F7E0791DAD3}.Release|Win32.Build.0 = Release|Win32
		{76A89F29-C016-44CA-88F3-7F7E0791DAD3}.MinSizeRel|Win32.ActiveCfg = MinSizeRel|Win32
		{76A89F29-C016-44CA-88F3-7F7E0791DAD3}.MinSizeRel|Win32.Build.0 = MinSizeRel|Win32
		{76A89F29-C016-44CA-88F3-7F7E0791DAD3}.RelWithDebInfo|Win32.ActiveCfg = RelWithDebInfo|Win32
		{76A89F29-C016-44CA-88F3-7F7E0791DAD3}.RelWithDebInfo|Win32.Build.0 = RelWithDebInfo|Win32
		{3295F007-83A5-4D0A-BCB9-A9CF2011F7DB}.Debug|Win32.ActiveCfg = Debug|Win32
		{3295F007-83A5-4D0A-BCB9-A9CF2011F7DB}.Debug|Win32.Build.0 = Debug|Win32
		{3295F007-83A5-4D0A-BCB9-A9CF2011F7DB}.Release|Win32.ActiveCfg = Release|Win32
		{3295F007-83A5-4D0A-BCB9-A9CF2011F7DB}.Release|Win32.Build.0 = Release|Win32
		{3295F007-83A5-4D0A-BCB9-A9CF2011F7DB}.MinSizeRel|Win32.ActiveCfg = MinSizeRel|Win32
		{3295F007-83A5-4D0A-BCB9-A9CF2011F7DB}.MinSizeRel|Win32.Build.0 = MinSizeRel|Win32
		{3295F007-83A5-4D0A-BCB9-A9CF2011F7DB}.RelWithDebInfo|Win32.ActiveCfg = RelWithDebInfo|Win32
		{3295F007-83A5-4D0A-BCB9-A9CF2011F7DB}.RelWithDebInfo|Win32.Build.0 = RelWithDebInfo|Win32
		{ADB77B4D-48DE-4477-96E8-BF031EDE63FC}.Debug|Win32.ActiveCfg = Debug|Win32
		{ADB77B4D-48DE-4477-96E8-BF031EDE63FC}.Debug|Win32.Build.0 = Debug|Win32
		{ADB77B4D-48DE-4477-96E8-BF031EDE63FC}.Release|Win32.ActiveCfg = Release|Win32
		{ADB77B4D-48DE-4477-96E8-BF031EDE63FC}.Release|Win32.Build.0 = Release|Win32
		{ADB77B4D-48DE-4477-96E8-BF031EDE63FC}.MinSizeRel|Win32.ActiveCfg = MinSizeRel|Win32
		{ADB77B4D-48DE-4477-96E8-BF031EDE63FC}.MinSizeRel|Win32.Build.0 = MinSizeRel|Win32
		{ADB77B4D-48DE-4477-96E8-BF031EDE63FC}.RelWithDebInfo|Win32.ActiveCfg = RelWithDebInfo|Win32
		{ADB77B4D-48DE-4477-96E8-BF031EDE63FC}.RelWithDebInfo|Win32.Build.0 = RelWithDebInfo|Win32
		{33D305E5-1DE9-4FA5-B39F-99798A78D25D}.Debug|Win32.ActiveCfg = Debug|Win32
		{33D305E5-1DE9-4FA5-B39F-99798A78D25D}.Debug|Win32.Build.0 = Debug|Win32
		{33D305E5-1DE9-4FA5-B39F-99798A78D25D}.Release|Win32.ActiveCfg = Release|Win32
		{33D305E5-1DE9-4FA5-B39F-99798A78D25D}.Release|Win32.Build.0 = Release|Win32
		{33D305E5-1DE9-4FA5-B39F-99798A78D25D}.MinSizeRel|Win32.ActiveCfg = MinSizeRel|Win32
		{33D305E5-1DE9-4FA5-B39F-99798A78D25D}.MinSizeRel|Win32.Build.0 = MinSizeRel|Win32
		{33D305E5-1DE9-4FA5-B39F-99798A78D25D}.RelWithDebInfo|Win32.ActiveCfg = RelWithDebInfo|Win32
		{33D305E5-1DE9-4FA5-B39F-99798A78D25D}.RelWithDebInfo|Win32.Build.0 = RelWithDebInfo|Win32
		{1121398F-0B57-4E68-ABDB-831AF0C8B2CC}.Debug|Win32.ActiveCfg = Debug|Win32
		{1121398F-0B57-4E68-ABDB-831AF0C8B2CC}.Debug|Win32.Build.0 = Debug|Win32
		{1121398F-0B57-4E68-ABDB-831AF0C8B2CC}.Release|Win32.ActiveCfg = Release|Win32
		{1121398F-0B57-4E68-ABDB-831AF0C8B2CC}.Release|Win32.Build.0 = Release|Win32
		{1121398F-0B57-4E68-ABDB-831AF0C8B2CC}.MinSizeRel|Win32.ActiveCfg = MinSizeRel|Win32
		{1121398F-0B57-4E68-ABDB-831AF0C8B2CC}.MinSizeRel|Win32.Build.0 = MinSizeRel|Win32
		{1121398F-0B57-4E68-ABDB-831AF0C8B2CC}.RelWithDebInfo|Win32.ActiveCfg = RelWithDebInfo|Win32
		{1121398F-0B57-4E68-ABDB-831AF0C8B2CC}.RelWithDebInfo|Win32.Build.0 = RelWithDebInfo|Win32
		{41F83103-DFA5-48D7-B3A3-D3CD908E70B8}.Debug|Win32.ActiveCfg = Debug|Win32
		{41F83103-DFA5-48D7-B3A3-D3CD908E70B8}.Debug|Win32.Build.0 = Debug|Win32
		{41F83103-DFA5-48D7-B3A3-D3CD908E70B8}.Release|Win32.ActiveCfg = Release|Win32
		{41F83103-DFA5-48D7-B3A3-D3CD908E70B8}.Release|Win32.Build.0 = Release|Win32
		{41F83103-DFA5-48D7-B3A3-D3CD908E70B8}.MinSizeRel|Win32.ActiveCfg = MinSizeRel|Win32
		{41F83103-DFA5-48D7-B3A3-D3CD908E70B8}.MinSizeRel|Win32.Build.0 = MinSizeRel|Win32
		{41F83103-DFA5-48D7-B3A3-D3CD908E70B8}.RelWithDebInfo|Win32.ActiveCfg = RelWithDebInfo|Win32
		{41F83103-DFA5-48D7-B3A3-D3CD908E70B8}.RelWithDebInfo|Win32.Build.0 = RelWithDebInfo|Win32
		{A0D68DD3-B33B-4FFD-A665-EAE202C696CA}.Debug|Win32.ActiveCfg = Debug|Win32
		{A0D68DD3-B33B-4FFD-A665-EAE202C696CA}.Debug|Win32.Build.0 = Debug|Win32
		{A0D68DD3-B33B-4FFD-A665-EAE202C696CA}.Release|Win32.ActiveCfg = Release|Win32
		{A0D68DD3-B33B-4FFD-A665-EAE202C696CA}.Release|Win32.Build.0 = Release|Win32
		{A0D68DD3-B33B-4FFD-A665-EAE202C696CA}.MinSizeRel|Win32.ActiveCfg = MinSizeRel|Win32
		{A0D68DD3-B33B-4FFD-A665-EAE202C696CA}.MinSizeRel|Win32.Build.0 = MinSizeRel|Win32
		{A0D68DD3-B33B-4FFD-A665-EAE202C696CA}.RelWithDebInfo|Win32.ActiveCfg = RelWithDebInfo|Win32
		{A0D68DD3-B33B-4FFD-A665-EAE202C696CA}.RelWithDebInfo|Win32.Build.0 = RelWithDebInfo|Win32
		{DF56496F-72A4-4D73-B348-2A8AB4494B61}.Debug|Win32.ActiveCfg = Debug|Win32
		{DF56496F-72A4-4D73-B348-2A8AB4494B61}.Debug|Win32.Build.0 = Debug|Win32
		{DF56496F-72A4-4D73-B348-2A8AB4494B61}.Release|Win32.ActiveCfg = Release|Win32
		{DF56496F-72A4-4D73-B348-2A8AB4494B61}.Release|Win32.Build.0 = Release|Win32
		{DF56496F-72A4-4D73-B348-2A8AB4494B61}.MinSizeRel|Win32.ActiveCfg = MinSizeRel|Win32
		{DF56496F-72A4-4D73-B348-2A8AB4494B61}.MinSizeRel|Win32.Build.0 = MinSizeRel|Win32
		{DF56496F-72A4-4D73-B348-2A8AB4494B61}.RelWithDebInfo|Win32.ActiveCfg = RelWithDebInfo|Win32
		{DF56496F-72A4-4D73-B348-2A8AB4494B61}.RelWithDebInfo|Win32.Build.0 = RelWithDebInfo|Win32
		{65D5511A-34BF-4CFA-AE8E-112A65EE81B1}.Debug|Win32.ActiveCfg = Debug|Win32
		{65D5511A-34BF-4CFA-AE8E-112A65EE81B1}.Debug|Win32.Build.0 = Debug|Win32
		{65D5511A-34BF-4CFA-AE8E-112A65EE81B1}.Release|Win32.ActiveCfg = Release|Win32
		{65D5511A-34BF-4CFA-AE8E-112A65EE81B1}.Release|Win32.Build.0 = Release|Win32
		{65D5511A-34BF-4CFA-AE8E-112A65EE81B1}.MinSizeRel|Win32.ActiveCfg = MinSizeRel|Win32
		{65D5511A-34BF-4CFA-AE8E-112A65EE81B1}.MinSizeRel|Win32.Build.0 = MinSizeRel|Win32
		{65D5511A-34BF-4CFA-AE8E-112A65EE81B1}.RelWithDebInfo|Win32.ActiveCfg = RelWithDebInfo|Win32
		{65D5511A-34BF-4CFA-AE8E-112A65EE81B1}.RelWithDebInfo|Win32.Build.0 = RelWithDebInfo|Win32
		{5B21D1E9-0A00-418B-AF31-31D12422629C}.Debug|Win32.ActiveCfg = Debug|Win32
		{5B21D1E9-0A00-418B-AF31-31D12422629C}.Debug|Win32.Build.0 = Debug|Win32
		{5B21D1E9-0A00-418B-AF31-31D12422629C}.Release|Win32.ActiveCfg = Release|Win32
		{5B21D1E9-0A00-418B-AF31-31D12422629C}.Release|Win32.Build.0 = Release|Win32
		{5B21D1E9-0A00-418B-AF31-31D12422629C}.MinSizeRel|Win32.ActiveCfg = MinSizeRel|Win32
		{5B21D1E9-0A00-418B-AF31-31D12422629C}.MinSizeRel|Win32.Build.0 = MinSizeRel|Win32
		{5B21D1E9-0A00-418B-AF31-31D12422629C}.RelWithDebInfo|Win32.ActiveCfg = RelWithDebInfo|Win32
		{5B21D1E9-0A00-418B-AF31-31D12422629C}.RelWithDebInfo|Win32.Build.0 = RelWithDebInfo|Win32
		{0CB912B2-9F0C-4C01-9E6D-CA964A208158}.Debug|Win32.ActiveCfg = Debug|Win32
		{0CB912B2-9F0C-4C01-9E6D-CA964A208158}.Debug|Win32.Build.0 = Debug|Win32
		{0CB912B2-9F0C-4C01-9E6D-CA964A208158}.Release|Win32.ActiveCfg = Release|Win32
		{0CB912B2-9F0C-4C01-9E6D-CA964A208158}.Release|Win32.Build.0 = Release|Win32
		{0CB912B2-9F0C-4C01-9E6D-CA964A208158}.MinSizeRel|Win32.ActiveCfg = MinSizeRel|Win32
		{0CB912B2-9F0C-4C01-9E6D-CA964A208158}.MinSizeRel|Win32.Build.0 = MinSizeRel|Win32
		{0CB912B2-9F0C-4C01-9E6D-CA964A208158}.RelWithDebInfo|Win32.ActiveCfg = RelWithDebInfo|Win32
		{0CB912B2-9F0C-4C01-9E6D-CA964A208158}.RelWithDebInfo|Win32.Build.0 = RelWithDebInfo|Win32
		{5865E58C-5B1E-427A-B881-B60F766C567D}.Debug|Win32.ActiveCfg = Debug|Win32
		{5865E58C-5B1E-427A-B881-B60F766C567D}.Debug|Win32.Build.0 = Debug|Win32
		{5865E58C-5B1E-427A-B881-B60F766C567D}.Release|Win32.ActiveCfg = Release|Win32
		{5865E58C-5B1E-427A-B881-B60F766C567D}.Release|Win32.Build.0 = Release|Win32
		{5865E58C-5B1E-427A-B881-B60F766C567D}.MinSizeRel|Win32.ActiveCfg = MinSizeRel|Win32
		{5865E58C-5B1E-427A-B881-B60F766C567D}.MinSizeRel|Win32.Build.0 = MinSizeRel|Win32
		{5865E58C-5B1E-427A-B881-B60F766C567D}.RelWithDebInfo|Win32.ActiveCfg = RelWithDebInfo|Win32
		{5865E58C-5B1E-427A-B881-B60F766C567D}.RelWithDebInfo|Win32.Build.0 = RelWithDebInfo|Win32
		{75AC7356-3637-4828-A825-CB6C550916EE}.Debug|Win32.ActiveCfg = Debug|Win32
		{75AC7356-3637-4828-A825-CB6C550916EE}.Debug|Win32.Build.0 = Debug|Win32
		{75AC7356-3637-4828-A825-CB6C550916EE}.Release|Win32.ActiveCfg = Release|Win32
		{75AC7356-3637-4828-A825-CB6C550916EE}.Release|Win32.Build.0 = Release|Win32
		{75AC7356-3637-4828-A825-CB6C550916EE}.MinSizeRel|Win32.ActiveCfg = MinSizeRel|Win32
		{75AC7356-3637-4828-A825-CB6C550916EE}.MinSizeRel|Win32.Build.0 = MinSizeRel|Win32
		{75AC7356-3637-4828-A825-CB6C550916EE}.RelWithDebInfo|Win32.ActiveCfg = RelWithDebInfo|Win32
		{75AC7356-3637-4828-A825-CB6C550916EE}.RelWithDebInfo|Win32.Build.0 = RelWithDebInfo|Win32
		{1E19D3AD-FB8C-40C8-B854-1EB5668A3AAC}.Debug|Win32.ActiveCfg = Debug|Win32
		{1E19D3AD-FB8C-40C8-B854-1EB5668A3AAC}.Debug|Win32.Build.0 = Debug|Win32
		{1E19D3AD-FB8C-40C8-B854-1EB5668A3AAC}.Release|Win32.ActiveCfg = Release|Win32
		{1E19D3AD-FB8C-40C8-B854-1EB5668A3AAC}.Release|Win32.Build.0 = Release|Win32
		{1E19D3AD-FB8C-40C8-B854-1EB5668A3AAC}.MinSizeRel|Win32.ActiveCfg = MinSizeRel|Win32
		{1E19D3AD-FB8C-40C8-B854-1EB5668A3AAC}.MinSizeRel|Win32.Build.0 = MinSizeRel|Win32
		{1E19D3AD-FB8C-40C8-B854-1EB5668A3AAC}.RelWithDebInfo|Win32.ActiveCfg = RelWithDebInfo|Win32
		{1E19D3AD-FB8C-40C8-B854-1EB5668A3AAC}.RelWithDebInfo|Win32.Build.0 = RelWithDebInfo|Win32
	EndGlobalSection
	GlobalSection(NestedProjects) = preSolution
		{0C5037C0-28FE-4BDF-9967-326BA0808D6A} = {5A8E410A-E6A9-42E9-AF09-0AD695708A58}
		{E6C92D39-A091-472D-AB67-2169EC103A23} = {5A8E410A-E6A9-42E9-AF09-0AD695708A58}
		{54F05F91-1789-4C06-AE2B-B507DFF7ADE8} = {5A8E410A-E6A9-42E9-AF09-0AD695708A58}
		{9824E395-C465-4134-9AE3-A4D16F86629A} = {5A8E410A-E6A9-42E9-AF09-0AD695708A58}
		{8869A14E-1A2F-440F-8A52-F2153FD9DA31} = {5A8E410A-E6A9-42E9-AF09-0AD695708A58}
		{76A89F29-C016-44CA-88F3-7F7E0791DAD3} = {5A8E410A-E6A9-42E9-AF09-0AD695708A58}
		{F0448BC1-129D-41BD-B996-72513B8EDE55} = {D9CF92E1-1212-447A-8A49-B19CFD1EB4BB}
		{EEFEADFA-C8B4-4528-9DE3-EB1B524745AA} = {D9CF92E1-1212-447A-8A49-B19CFD1EB4BB}
		{CBCEB35E-E9CB-4693-A420-8B9256CE45C4} = {ABA84F2F-6C4E-4BF9-8F33-591BCE04A34D}
		{3295F007-83A5-4D0A-BCB9-A9CF2011F7DB} = {ABA84F2F-6C4E-4BF9-8F33-591BCE04A34D}
		{ADB77B4D-48DE-4477-96E8-BF031EDE63FC} = {ABA84F2F-6C4E-4BF9-8F33-591BCE04A34D}
		{33D305E5-1DE9-4FA5-B39F-99798A78D25D} = {ABA84F2F-6C4E-4BF9-8F33-591BCE04A34D}
		{1121398F-0B57-4E68-ABDB-831AF0C8B2CC} = {ABA84F2F-6C4E-4BF9-8F33-591BCE04A34D}
		{41F83103-DFA5-48D7-B3A3-D3CD908E70B8} = {ABA84F2F-6C4E-4BF9-8F33-591BCE04A34D}
		{A0D68DD3-B33B-4FFD-A665-EAE202C696CA} = {ABA84F2F-6C4E-4BF9-8F33-591BCE04A34D}
		{DF56496F-72A4-4D73-B348-2A8AB4494B61} = {ABA84F2F-6C4E-4BF9-8F33-591BCE04A34D}
		{65D5511A-34BF-4CFA-AE8E-112A65EE81B1} = {ABA84F2F-6C4E-4BF9-8F33-591BCE04A34D}
		{5B21D1E9-0A00-418B-AF31-31D12422629C} = {ABA84F2F-6C4E-4BF9-8F33-591BCE04A34D}
		{0CB912B2-9F0C-4C01-9E6D-CA964A208158} = {ABA84F2F-6C4E-4BF9-8F33-591BCE04A34D}
		{5865E58C-5B1E-427A-B881-B60F766C567D} = {ABA84F2F-6C4E-4BF9-8F33-591BCE04A34D}
		{75AC7356-3637-4828-A825-CB6C550916EE} = {ABA84F2F-6C4E-4BF9-8F33-591BCE04A34D}
		{1E19D3AD-FB8C-40C8-B854-1EB5668A3AAC} = {ABA84F2F-6C4E-4BF9-8F33-591BCE04A34D}
	EndGlobalSection
	GlobalSection(ExtensibilityGlobals) = postSolution
	EndGlobalSection
	GlobalSection(ExtensibilityAddIns) = postSolution
	EndGlobalSection
EndGlobal
