<?xml version="1.0" encoding="utf-8"?>
<Project ToolsVersion="12.0" xmlns="http://schemas.microsoft.com/developer/msbuild/2003">
  <ItemGroup>
    <ClCompile Include="..\..\..\src\osgGA\AnimationPathManipulator.cpp">
      <Filter>Source Files</Filter>
    </ClCompile>
    <ClCompile Include="..\..\..\src\osgGA\DriveManipulator.cpp">
      <Filter>Source Files</Filter>
    </ClCompile>
    <ClCompile Include="..\..\..\src\osgGA\Device.cpp">
      <Filter>Source Files</Filter>
    </ClCompile>
    <ClCompile Include="..\..\..\src\osgGA\Event.cpp">
      <Filter>Source Files</Filter>
    </ClCompile>
    <ClCompile Include="..\..\..\src\osgGA\EventHandler.cpp">
      <Filter>Source Files</Filter>
    </ClCompile>
    <ClCompile Include="..\..\..\src\osgGA\EventQueue.cpp">
      <Filter>Source Files</Filter>
    </ClCompile>
    <ClCompile Include="..\..\..\src\osgGA\EventVisitor.cpp">
      <Filter>Source Files</Filter>
    </ClCompile>
    <ClCompile Include="..\..\..\src\osgGA\FirstPersonManipulator.cpp">
      <Filter>Source Files</Filter>
    </ClCompile>
    <ClCompile Include="..\..\..\src\osgGA\FlightManipulator.cpp">
      <Filter>Source Files</Filter>
    </ClCompile>
    <ClCompile Include="..\..\..\src\osgGA\GUIEventAdapter.cpp">
      <Filter>Source Files</Filter>
    </ClCompile>
    <ClCompile Include="..\..\..\src\osgGA\GUIEventHandler.cpp">
      <Filter>Source Files</Filter>
    </ClCompile>
    <ClCompile Include="..\..\..\src\osgGA\KeySwitchMatrixManipulator.cpp">
      <Filter>Source Files</Filter>
    </ClCompile>
    <ClCompile Include="..\..\..\src\osgGA\CameraManipulator.cpp">
      <Filter>Source Files</Filter>
    </ClCompile>
    <ClCompile Include="..\..\..\src\osgGA\MultiTouchTrackballManipulator.cpp">
      <Filter>Source Files</Filter>
    </ClCompile>
    <ClCompile Include="..\..\..\src\osgGA\NodeTrackerManipulator.cpp">
      <Filter>Source Files</Filter>
    </ClCompile>
    <ClCompile Include="..\..\..\src\osgGA\OrbitManipulator.cpp">
      <Filter>Source Files</Filter>
    </ClCompile>
    <ClCompile Include="..\..\..\src\osgGA\StandardManipulator.cpp">
      <Filter>Source Files</Filter>
    </ClCompile>
    <ClCompile Include="..\..\..\src\osgGA\SphericalManipulator.cpp">
      <Filter>Source Files</Filter>
    </ClCompile>
    <ClCompile Include="..\..\..\src\osgGA\StateSetManipulator.cpp">
      <Filter>Source Files</Filter>
    </ClCompile>
    <ClCompile Include="..\..\..\src\osgGA\TerrainManipulator.cpp">
      <Filter>Source Files</Filter>
    </ClCompile>
    <ClCompile Include="..\..\..\src\osgGA\TrackballManipulator.cpp">
      <Filter>Source Files</Filter>
    </ClCompile>
    <ClCompile Include="..\..\..\src\osgGA\UFOManipulator.cpp">
      <Filter>Source Files</Filter>
    </ClCompile>
    <ClCompile Include="..\..\..\src\osgGA\Widget.cpp">
      <Filter>Source Files</Filter>
    </ClCompile>
    <ClCompile Include="..\..\..\src\osgGA\Version.cpp">
      <Filter>Source Files</Filter>
    </ClCompile>
    <ClCompile Include="..\..\..\src\osgGA\CameraViewSwitchManipulator.cpp">
      <Filter>Source Files</Filter>
    </ClCompile>
  </ItemGroup>
  <ItemGroup>
    <None Include="..\..\..\include\osgGA\AnimationPathManipulator">
      <Filter>Header Files</Filter>
    </None>
    <None Include="..\..\..\include\osgGA\CameraViewSwitchManipulator">
      <Filter>Header Files</Filter>
    </None>
    <None Include="..\..\..\include\osgGA\DriveManipulator">
      <Filter>Header Files</Filter>
    </None>
    <None Include="..\..\..\include\osgGA\Device">
      <Filter>Header Files</Filter>
    </None>
    <None Include="..\..\..\include\osgGA\Event">
      <Filter>Header Files</Filter>
    </None>
    <None Include="..\..\..\include\osgGA\EventHandler">
      <Filter>Header Files</Filter>
    </None>
    <None Include="..\..\..\include\osgGA\EventQueue">
      <Filter>Header Files</Filter>
    </None>
    <None Include="..\..\..\include\osgGA\EventVisitor">
      <Filter>Header Files</Filter>
    </None>
    <None Include="..\..\..\include\osgGA\Export">
      <Filter>Header Files</Filter>
    </None>
    <None Include="..\..\..\include\osgGA\FirstPersonManipulator">
      <Filter>Header Files</Filter>
    </None>
    <None Include="..\..\..\include\osgGA\FlightManipulator">
      <Filter>Header Files</Filter>
    </None>
    <None Include="..\..\..\include\osgGA\GUIActionAdapter">
      <Filter>Header Files</Filter>
    </None>
    <None Include="..\..\..\include\osgGA\GUIEventAdapter">
      <Filter>Header Files</Filter>
    </None>
    <None Include="..\..\..\include\osgGA\GUIEventHandler">
      <Filter>Header Files</Filter>
    </None>
    <None Include="..\..\..\include\osgGA\KeySwitchMatrixManipulator">
      <Filter>Header Files</Filter>
    </None>
    <None Include="..\..\..\include\osgGA\CameraManipulator">
      <Filter>Header Files</Filter>
    </None>
    <None Include="..\..\..\include\osgGA\MultiTouchTrackballManipulator">
      <Filter>Header Files</Filter>
    </None>
    <None Include="..\..\..\include\osgGA\NodeTrackerManipulator">
      <Filter>Header Files</Filter>
    </None>
    <None Include="..\..\..\include\osgGA\OrbitManipulator">
      <Filter>Header Files</Filter>
    </None>
    <None Include="..\..\..\include\osgGA\StandardManipulator">
      <Filter>Header Files</Filter>
    </None>
    <None Include="..\..\..\include\osgGA\SphericalManipulator">
      <Filter>Header Files</Filter>
    </None>
    <None Include="..\..\..\include\osgGA\StateSetManipulator">
      <Filter>Header Files</Filter>
    </None>
    <None Include="..\..\..\include\osgGA\TerrainManipulator">
      <Filter>Header Files</Filter>
    </None>
    <None Include="..\..\..\include\osgGA\TrackballManipulator">
      <Filter>Header Files</Filter>
    </None>
    <None Include="..\..\..\include\osgGA\UFOManipulator">
      <Filter>Header Files</Filter>
    </None>
    <None Include="..\..\..\include\osgGA\Widget">
      <Filter>Header Files</Filter>
    </None>
    <None Include="..\..\..\include\osgGA\Version">
      <Filter>Header Files</Filter>
    </None>
  </ItemGroup>
  <ItemGroup>
    <ResourceCompile Include="..\..\PlatformSpecifics\Windows\OpenSceneGraphVersionInfo.rc">
      <Filter>Source Files</Filter>
    </ResourceCompile>
  </ItemGroup>
  <ItemGroup>
    <Filter Include="Source Files">
      <UniqueIdentifier>{958EDEA2-8182-4160-90A0-EBD010445353}</UniqueIdentifier>
    </Filter>
    <Filter Include="Header Files">
      <UniqueIdentifier>{4DAE4354-830F-4BB8-9394-40EEB6F76CF8}</UniqueIdentifier>
    </Filter>
  </ItemGroup>
</Project>